
Microsoft Visual Studio Solution File, Format Version 12.00
Project("{FAE04EC0-301F-11D3-BF4B-00C04F79EFBC}") = "Televisao", "Televisao\Televisao.csproj", "{02406AA6-2D72-458C-8DF2-008380A32A08}"
EndProject
Global
	GlobalSection(SolutionConfigurationPlatforms) = preSolution
		Debug|Any CPU = Debug|Any CPU
		Release|Any CPU = Release|Any CPU
	EndGlobalSection
	GlobalSection(ProjectConfigurationPlatforms) = postSolution
		{02406AA6-2D72-458C-8DF2-008380A32A08}.Debug|Any CPU.ActiveCfg = Debug|Any CPU
		{02406AA6-2D72-458C-8DF2-008380A32A08}.Debug|Any CPU.Build.0 = Debug|Any CPU
		{02406AA6-2D72-458C-8DF2-008380A32A08}.Release|Any CPU.ActiveCfg = Release|Any CPU
		{02406AA6-2D72-458C-8DF2-008380A32A08}.Release|Any CPU.Build.0 = Release|Any CPU
	EndGlobalSection
EndGlobal
